// !$*UTF8*$!
{
	archiveVersion = 1;
	classes = {
	};
	objectVersion = 50;
	objects = {

/* Begin PBXBuildFile section */
		54DB76C52210BAA100AB0AC2 /* AppDelegate.swift in Sources */ = {isa = PBXBuildFile; fileRef = 54DB76C42210BAA100AB0AC2 /* AppDelegate.swift */; };
		54DB76CA2210BAA100AB0AC2 /* Main.storyboard in Resources */ = {isa = PBXBuildFile; fileRef = 54DB76C82210BAA100AB0AC2 /* Main.storyboard */; };
		54DB76CC2210BAA100AB0AC2 /* Assets.xcassets in Resources */ = {isa = PBXBuildFile; fileRef = 54DB76CB2210BAA100AB0AC2 /* Assets.xcassets */; };
		54DB76CF2210BAA100AB0AC2 /* LaunchScreen.storyboard in Resources */ = {isa = PBXBuildFile; fileRef = 54DB76CD2210BAA100AB0AC2 /* LaunchScreen.storyboard */; };
		54DB76E22210BB0700AB0AC2 /* QRCodeReader.swift in Sources */ = {isa = PBXBuildFile; fileRef = 54DB76D72210BB0600AB0AC2 /* QRCodeReader.swift */; };
		54DB76E32210BB0700AB0AC2 /* QRCodeReaderViewControllerDelegate.swift in Sources */ = {isa = PBXBuildFile; fileRef = 54DB76D82210BB0600AB0AC2 /* QRCodeReaderViewControllerDelegate.swift */; };
		54DB76E42210BB0700AB0AC2 /* QRCodeReaderViewContainer.swift in Sources */ = {isa = PBXBuildFile; fileRef = 54DB76D92210BB0600AB0AC2 /* QRCodeReaderViewContainer.swift */; };
		54DB76E52210BB0700AB0AC2 /* QRCodeReaderViewControllerBuilder.swift in Sources */ = {isa = PBXBuildFile; fileRef = 54DB76DA2210BB0600AB0AC2 /* QRCodeReaderViewControllerBuilder.swift */; };
		54DB76E62210BB0700AB0AC2 /* QRCodeReaderView.swift in Sources */ = {isa = PBXBuildFile; fileRef = 54DB76DB2210BB0600AB0AC2 /* QRCodeReaderView.swift */; };
		54DB76E72210BB0700AB0AC2 /* QRCodeReaderResult.swift in Sources */ = {isa = PBXBuildFile; fileRef = 54DB76DC2210BB0600AB0AC2 /* QRCodeReaderResult.swift */; };
		54DB76E82210BB0700AB0AC2 /* SwitchCameraButton.swift in Sources */ = {isa = PBXBuildFile; fileRef = 54DB76DE2210BB0600AB0AC2 /* SwitchCameraButton.swift */; };
		54DB76E92210BB0700AB0AC2 /* QRCodeReaderViewController.swift in Sources */ = {isa = PBXBuildFile; fileRef = 54DB76DF2210BB0600AB0AC2 /* QRCodeReaderViewController.swift */; };
		54DB76EA2210BB0700AB0AC2 /* ToggleTorchButton.swift in Sources */ = {isa = PBXBuildFile; fileRef = 54DB76E02210BB0600AB0AC2 /* ToggleTorchButton.swift */; };
		54DB76EB2210BB0700AB0AC2 /* ReaderOverlayView.swift in Sources */ = {isa = PBXBuildFile; fileRef = 54DB76E12210BB0600AB0AC2 /* ReaderOverlayView.swift */; };
		54DB76F22210BB1900AB0AC2 /* HelpView.swift in Sources */ = {isa = PBXBuildFile; fileRef = 54DB76ED2210BB1900AB0AC2 /* HelpView.swift */; };
		54DB76F32210BB1900AB0AC2 /* FullImageController.swift in Sources */ = {isa = PBXBuildFile; fileRef = 54DB76EE2210BB1900AB0AC2 /* FullImageController.swift */; };
		54DB76F42210BB1900AB0AC2 /* FullScreenController.swift in Sources */ = {isa = PBXBuildFile; fileRef = 54DB76EF2210BB1900AB0AC2 /* FullScreenController.swift */; };
		54DB76F52210BB1900AB0AC2 /* SplitController.swift in Sources */ = {isa = PBXBuildFile; fileRef = 54DB76F02210BB1900AB0AC2 /* SplitController.swift */; };
		54DB76F62210BB1900AB0AC2 /* MenuController.swift in Sources */ = {isa = PBXBuildFile; fileRef = 54DB76F12210BB1900AB0AC2 /* MenuController.swift */; };
		54FB8A8C225E67CA00895631 /* EPICS Magnifier Manual.pdf in Resources */ = {isa = PBXBuildFile; fileRef = 54FB8A8B225E67CA00895631 /* EPICS Magnifier Manual.pdf */; };
/* End PBXBuildFile section */

/* Begin PBXFileReference section */
		54DB76C12210BAA100AB0AC2 /* EPICS Magnifier.app */ = {isa = PBXFileReference; explicitFileType = wrapper.application; includeInIndex = 0; path = "EPICS Magnifier.app"; sourceTree = BUILT_PRODUCTS_DIR; };
		54DB76C42210BAA100AB0AC2 /* AppDelegate.swift */ = {isa = PBXFileReference; lastKnownFileType = sourcecode.swift; path = AppDelegate.swift; sourceTree = "<group>"; };
		54DB76C92210BAA100AB0AC2 /* Base */ = {isa = PBXFileReference; lastKnownFileType = file.storyboard; name = Base; path = Base.lproj/Main.storyboard; sourceTree = "<group>"; };
		54DB76CB2210BAA100AB0AC2 /* Assets.xcassets */ = {isa = PBXFileReference; lastKnownFileType = folder.assetcatalog; path = Assets.xcassets; sourceTree = "<group>"; };
		54DB76CE2210BAA100AB0AC2 /* Base */ = {isa = PBXFileReference; lastKnownFileType = file.storyboard; name = Base; path = Base.lproj/LaunchScreen.storyboard; sourceTree = "<group>"; };
		54DB76D02210BAA100AB0AC2 /* Info.plist */ = {isa = PBXFileReference; lastKnownFileType = text.plist.xml; path = Info.plist; sourceTree = "<group>"; };
		54DB76D72210BB0600AB0AC2 /* QRCodeReader.swift */ = {isa = PBXFileReference; fileEncoding = 4; lastKnownFileType = sourcecode.swift; path = QRCodeReader.swift; sourceTree = "<group>"; };
		54DB76D82210BB0600AB0AC2 /* QRCodeReaderViewControllerDelegate.swift */ = {isa = PBXFileReference; fileEncoding = 4; lastKnownFileType = sourcecode.swift; path = QRCodeReaderViewControllerDelegate.swift; sourceTree = "<group>"; };
		54DB76D92210BB0600AB0AC2 /* QRCodeReaderViewContainer.swift */ = {isa = PBXFileReference; fileEncoding = 4; lastKnownFileType = sourcecode.swift; path = QRCodeReaderViewContainer.swift; sourceTree = "<group>"; };
		54DB76DA2210BB0600AB0AC2 /* QRCodeReaderViewControllerBuilder.swift */ = {isa = PBXFileReference; fileEncoding = 4; lastKnownFileType = sourcecode.swift; path = QRCodeReaderViewControllerBuilder.swift; sourceTree = "<group>"; };
		54DB76DB2210BB0600AB0AC2 /* QRCodeReaderView.swift */ = {isa = PBXFileReference; fileEncoding = 4; lastKnownFileType = sourcecode.swift; path = QRCodeReaderView.swift; sourceTree = "<group>"; };
		54DB76DC2210BB0600AB0AC2 /* QRCodeReaderResult.swift */ = {isa = PBXFileReference; fileEncoding = 4; lastKnownFileType = sourcecode.swift; path = QRCodeReaderResult.swift; sourceTree = "<group>"; };
		54DB76DD2210BB0600AB0AC2 /* QRCodeReader.h */ = {isa = PBXFileReference; fileEncoding = 4; lastKnownFileType = sourcecode.c.h; path = QRCodeReader.h; sourceTree = "<group>"; };
		54DB76DE2210BB0600AB0AC2 /* SwitchCameraButton.swift */ = {isa = PBXFileReference; fileEncoding = 4; lastKnownFileType = sourcecode.swift; path = SwitchCameraButton.swift; sourceTree = "<group>"; };
		54DB76DF2210BB0600AB0AC2 /* QRCodeReaderViewController.swift */ = {isa = PBXFileReference; fileEncoding = 4; lastKnownFileType = sourcecode.swift; path = QRCodeReaderViewController.swift; sourceTree = "<group>"; };
		54DB76E02210BB0600AB0AC2 /* ToggleTorchButton.swift */ = {isa = PBXFileReference; fileEncoding = 4; lastKnownFileType = sourcecode.swift; path = ToggleTorchButton.swift; sourceTree = "<group>"; };
		54DB76E12210BB0600AB0AC2 /* ReaderOverlayView.swift */ = {isa = PBXFileReference; fileEncoding = 4; lastKnownFileType = sourcecode.swift; path = ReaderOverlayView.swift; sourceTree = "<group>"; };
		54DB76ED2210BB1900AB0AC2 /* HelpView.swift */ = {isa = PBXFileReference; fileEncoding = 4; lastKnownFileType = sourcecode.swift; path = HelpView.swift; sourceTree = "<group>"; };
		54DB76EE2210BB1900AB0AC2 /* FullImageController.swift */ = {isa = PBXFileReference; fileEncoding = 4; lastKnownFileType = sourcecode.swift; path = FullImageController.swift; sourceTree = "<group>"; };
		54DB76EF2210BB1900AB0AC2 /* FullScreenController.swift */ = {isa = PBXFileReference; fileEncoding = 4; lastKnownFileType = sourcecode.swift; path = FullScreenController.swift; sourceTree = "<group>"; };
		54DB76F02210BB1900AB0AC2 /* SplitController.swift */ = {isa = PBXFileReference; fileEncoding = 4; lastKnownFileType = sourcecode.swift; path = SplitController.swift; sourceTree = "<group>"; };
		54DB76F12210BB1900AB0AC2 /* MenuController.swift */ = {isa = PBXFileReference; fileEncoding = 4; lastKnownFileType = sourcecode.swift; path = MenuController.swift; sourceTree = "<group>"; };
		54FB8A8B225E67CA00895631 /* EPICS Magnifier Manual.pdf */ = {isa = PBXFileReference; lastKnownFileType = image.pdf; path = "EPICS Magnifier Manual.pdf"; sourceTree = "<group>"; };
/* End PBXFileReference section */

/* Begin PBXFrameworksBuildPhase section */
		54DB76BE2210BAA100AB0AC2 /* Frameworks */ = {
			isa = PBXFrameworksBuildPhase;
			buildActionMask = 2147483647;
			files = (
			);
			runOnlyForDeploymentPostprocessing = 0;
		};
/* End PBXFrameworksBuildPhase section */

/* Begin PBXGroup section */
		54DB76B82210BAA100AB0AC2 = {
			isa = PBXGroup;
			children = (
				54DB76EC2210BB1900AB0AC2 /* UI-SOURCES */,
				54DB76D62210BB0600AB0AC2 /* QR-SOURCES */,
				54DB76C32210BAA100AB0AC2 /* MAGNIFIER-APPLICATION */,
				54DB76C22210BAA100AB0AC2 /* Products */,
			);
			sourceTree = "<group>";
		};
		54DB76C22210BAA100AB0AC2 /* Products */ = {
			isa = PBXGroup;
			children = (
				54DB76C12210BAA100AB0AC2 /* EPICS Magnifier.app */,
			);
			name = Products;
			sourceTree = "<group>";
		};
		54DB76C32210BAA100AB0AC2 /* MAGNIFIER-APPLICATION */ = {
			isa = PBXGroup;
			children = (
				54DB76C42210BAA100AB0AC2 /* AppDelegate.swift */,
				54DB76C82210BAA100AB0AC2 /* Main.storyboard */,
				54DB76CB2210BAA100AB0AC2 /* Assets.xcassets */,
				54DB76CD2210BAA100AB0AC2 /* LaunchScreen.storyboard */,
				54DB76D02210BAA100AB0AC2 /* Info.plist */,
			);
			path = "MAGNIFIER-APPLICATION";
			sourceTree = "<group>";
		};
		54DB76D62210BB0600AB0AC2 /* QR-SOURCES */ = {
			isa = PBXGroup;
			children = (
				54DB76D72210BB0600AB0AC2 /* QRCodeReader.swift */,
				54DB76D82210BB0600AB0AC2 /* QRCodeReaderViewControllerDelegate.swift */,
				54DB76D92210BB0600AB0AC2 /* QRCodeReaderViewContainer.swift */,
				54DB76DA2210BB0600AB0AC2 /* QRCodeReaderViewControllerBuilder.swift */,
				54DB76DB2210BB0600AB0AC2 /* QRCodeReaderView.swift */,
				54DB76DC2210BB0600AB0AC2 /* QRCodeReaderResult.swift */,
				54DB76DD2210BB0600AB0AC2 /* QRCodeReader.h */,
				54DB76DE2210BB0600AB0AC2 /* SwitchCameraButton.swift */,
				54DB76DF2210BB0600AB0AC2 /* QRCodeReaderViewController.swift */,
				54DB76E02210BB0600AB0AC2 /* ToggleTorchButton.swift */,
				54DB76E12210BB0600AB0AC2 /* ReaderOverlayView.swift */,
			);
			path = "QR-SOURCES";
			sourceTree = SOURCE_ROOT;
		};
		54DB76EC2210BB1900AB0AC2 /* UI-SOURCES */ = {
			isa = PBXGroup;
			children = (
				54DB76F72210BB2A00AB0AC2 /* USER-MANUAL */,
				54DB76ED2210BB1900AB0AC2 /* HelpView.swift */,
				54DB76EE2210BB1900AB0AC2 /* FullImageController.swift */,
				54DB76EF2210BB1900AB0AC2 /* FullScreenController.swift */,
				54DB76F02210BB1900AB0AC2 /* SplitController.swift */,
				54DB76F12210BB1900AB0AC2 /* MenuController.swift */,
			);
			path = "UI-SOURCES";
			sourceTree = SOURCE_ROOT;
		};
		54DB76F72210BB2A00AB0AC2 /* USER-MANUAL */ = {
			isa = PBXGroup;
			children = (
				54FB8A8B225E67CA00895631 /* EPICS Magnifier Manual.pdf */,
			);
			name = "USER-MANUAL";
			path = "UI-SOURCES/USER-MANUAL";
			sourceTree = SOURCE_ROOT;
		};
/* End PBXGroup section */

/* Begin PBXNativeTarget section */
		54DB76C02210BAA100AB0AC2 /* MAGNIFIER-APPLICATION */ = {
			isa = PBXNativeTarget;
			buildConfigurationList = 54DB76D32210BAA100AB0AC2 /* Build configuration list for PBXNativeTarget "MAGNIFIER-APPLICATION" */;
			buildPhases = (
				54DB76BD2210BAA100AB0AC2 /* Sources */,
				54DB76BE2210BAA100AB0AC2 /* Frameworks */,
				54DB76BF2210BAA100AB0AC2 /* Resources */,
			);
			buildRules = (
			);
			dependencies = (
			);
			name = "MAGNIFIER-APPLICATION";
			productName = "MAGNIFIER-APPLICATION";
			productReference = 54DB76C12210BAA100AB0AC2 /* EPICS Magnifier.app */;
			productType = "com.apple.product-type.application";
		};
/* End PBXNativeTarget section */

/* Begin PBXProject section */
		54DB76B92210BAA100AB0AC2 /* Project object */ = {
			isa = PBXProject;
			attributes = {
				LastSwiftUpdateCheck = 1010;
				LastUpgradeCheck = 1010;
				ORGANIZATIONNAME = EPICS;
				TargetAttributes = {
					54DB76C02210BAA100AB0AC2 = {
						CreatedOnToolsVersion = 10.1;
					};
				};
			};
			buildConfigurationList = 54DB76BC2210BAA100AB0AC2 /* Build configuration list for PBXProject "MAGNIFIER-APPLICATION" */;
			compatibilityVersion = "Xcode 9.3";
			developmentRegion = en;
			hasScannedForEncodings = 0;
			knownRegions = (
				en,
				Base,
			);
			mainGroup = 54DB76B82210BAA100AB0AC2;
			productRefGroup = 54DB76C22210BAA100AB0AC2 /* Products */;
			projectDirPath = "";
			projectRoot = "";
			targets = (
				54DB76C02210BAA100AB0AC2 /* MAGNIFIER-APPLICATION */,
			);
		};
/* End PBXProject section */

/* Begin PBXResourcesBuildPhase section */
		54DB76BF2210BAA100AB0AC2 /* Resources */ = {
			isa = PBXResourcesBuildPhase;
			buildActionMask = 2147483647;
			files = (
				54FB8A8C225E67CA00895631 /* EPICS Magnifier Manual.pdf in Resources */,
				54DB76CF2210BAA100AB0AC2 /* LaunchScreen.storyboard in Resources */,
				54DB76CC2210BAA100AB0AC2 /* Assets.xcassets in Resources */,
				54DB76CA2210BAA100AB0AC2 /* Main.storyboard in Resources */,
			);
			runOnlyForDeploymentPostprocessing = 0;
		};
/* End PBXResourcesBuildPhase section */

/* Begin PBXSourcesBuildPhase section */
		54DB76BD2210BAA100AB0AC2 /* Sources */ = {
			isa = PBXSourcesBuildPhase;
			buildActionMask = 2147483647;
			files = (
				54DB76F52210BB1900AB0AC2 /* SplitController.swift in Sources */,
				54DB76F62210BB1900AB0AC2 /* MenuController.swift in Sources */,
				54DB76F42210BB1900AB0AC2 /* FullScreenController.swift in Sources */,
				54DB76E42210BB0700AB0AC2 /* QRCodeReaderViewContainer.swift in Sources */,
				54DB76F22210BB1900AB0AC2 /* HelpView.swift in Sources */,
				54DB76E52210BB0700AB0AC2 /* QRCodeReaderViewControllerBuilder.swift in Sources */,
				54DB76E72210BB0700AB0AC2 /* QRCodeReaderResult.swift in Sources */,
				54DB76E82210BB0700AB0AC2 /* SwitchCameraButton.swift in Sources */,
				54DB76F32210BB1900AB0AC2 /* FullImageController.swift in Sources */,
				54DB76E22210BB0700AB0AC2 /* QRCodeReader.swift in Sources */,
				54DB76EB2210BB0700AB0AC2 /* ReaderOverlayView.swift in Sources */,
				54DB76E92210BB0700AB0AC2 /* QRCodeReaderViewController.swift in Sources */,
				54DB76E62210BB0700AB0AC2 /* QRCodeReaderView.swift in Sources */,
				54DB76E32210BB0700AB0AC2 /* QRCodeReaderViewControllerDelegate.swift in Sources */,
				54DB76C52210BAA100AB0AC2 /* AppDelegate.swift in Sources */,
				54DB76EA2210BB0700AB0AC2 /* ToggleTorchButton.swift in Sources */,
			);
			runOnlyForDeploymentPostprocessing = 0;
		};
/* End PBXSourcesBuildPhase section */

/* Begin PBXVariantGroup section */
		54DB76C82210BAA100AB0AC2 /* Main.storyboard */ = {
			isa = PBXVariantGroup;
			children = (
				54DB76C92210BAA100AB0AC2 /* Base */,
			);
			name = Main.storyboard;
			sourceTree = "<group>";
		};
		54DB76CD2210BAA100AB0AC2 /* LaunchScreen.storyboard */ = {
			isa = PBXVariantGroup;
			children = (
				54DB76CE2210BAA100AB0AC2 /* Base */,
			);
			name = LaunchScreen.storyboard;
			sourceTree = "<group>";
		};
/* End PBXVariantGroup section */

/* Begin XCBuildConfiguration section */
		54DB76D12210BAA100AB0AC2 /* Debug */ = {
			isa = XCBuildConfiguration;
			buildSettings = {
				ALWAYS_SEARCH_USER_PATHS = NO;
				CLANG_ANALYZER_NONNULL = YES;
				CLANG_ANALYZER_NUMBER_OBJECT_CONVERSION = YES_AGGRESSIVE;
				CLANG_CXX_LANGUAGE_STANDARD = "gnu++14";
				CLANG_CXX_LIBRARY = "libc++";
				CLANG_ENABLE_MODULES = YES;
				CLANG_ENABLE_OBJC_ARC = YES;
				CLANG_ENABLE_OBJC_WEAK = YES;
				CLANG_WARN_BLOCK_CAPTURE_AUTORELEASING = YES;
				CLANG_WARN_BOOL_CONVERSION = YES;
				CLANG_WARN_COMMA = YES;
				CLANG_WARN_CONSTANT_CONVERSION = YES;
				CLANG_WARN_DEPRECATED_OBJC_IMPLEMENTATIONS = YES;
				CLANG_WARN_DIRECT_OBJC_ISA_USAGE = YES_ERROR;
				CLANG_WARN_DOCUMENTATION_COMMENTS = YES;
				CLANG_WARN_EMPTY_BODY = YES;
				CLANG_WARN_ENUM_CONVERSION = YES;
				CLANG_WARN_INFINITE_RECURSION = YES;
				CLANG_WARN_INT_CONVERSION = YES;
				CLANG_WARN_NON_LITERAL_NULL_CONVERSION = YES;
				CLANG_WARN_OBJC_IMPLICIT_RETAIN_SELF = YES;
				CLANG_WARN_OBJC_LITERAL_CONVERSION = YES;
				CLANG_WARN_OBJC_ROOT_CLASS = YES_ERROR;
				CLANG_WARN_RANGE_LOOP_ANALYSIS = YES;
				CLANG_WARN_STRICT_PROTOTYPES = YES;
				CLANG_WARN_SUSPICIOUS_MOVE = YES;
				CLANG_WARN_UNGUARDED_AVAILABILITY = YES_AGGRESSIVE;
				CLANG_WARN_UNREACHABLE_CODE = YES;
				CLANG_WARN__DUPLICATE_METHOD_MATCH = YES;
				CODE_SIGN_IDENTITY = "iPhone Developer";
				COPY_PHASE_STRIP = NO;
				DEBUG_INFORMATION_FORMAT = dwarf;
				ENABLE_STRICT_OBJC_MSGSEND = YES;
				ENABLE_TESTABILITY = YES;
				GCC_C_LANGUAGE_STANDARD = gnu11;
				GCC_DYNAMIC_NO_PIC = NO;
				GCC_NO_COMMON_BLOCKS = YES;
				GCC_OPTIMIZATION_LEVEL = 0;
				GCC_PREPROCESSOR_DEFINITIONS = (
					"DEBUG=1",
					"$(inherited)",
				);
				GCC_WARN_64_TO_32_BIT_CONVERSION = YES;
				GCC_WARN_ABOUT_RETURN_TYPE = YES_ERROR;
				GCC_WARN_UNDECLARED_SELECTOR = YES;
				GCC_WARN_UNINITIALIZED_AUTOS = YES_AGGRESSIVE;
				GCC_WARN_UNUSED_FUNCTION = YES;
				GCC_WARN_UNUSED_VARIABLE = YES;
				IPHONEOS_DEPLOYMENT_TARGET = 12.1;
				MTL_ENABLE_DEBUG_INFO = INCLUDE_SOURCE;
				MTL_FAST_MATH = YES;
				ONLY_ACTIVE_ARCH = YES;
				SDKROOT = iphoneos;
				SWIFT_ACTIVE_COMPILATION_CONDITIONS = DEBUG;
				SWIFT_OPTIMIZATION_LEVEL = "-Onone";
			};
			name = Debug;
		};
		54DB76D22210BAA100AB0AC2 /* Release */ = {
			isa = XCBuildConfiguration;
			buildSettings = {
				ALWAYS_SEARCH_USER_PATHS = NO;
				CLANG_ANALYZER_NONNULL = YES;
				CLANG_ANALYZER_NUMBER_OBJECT_CONVERSION = YES_AGGRESSIVE;
				CLANG_CXX_LANGUAGE_STANDARD = "gnu++14";
				CLANG_CXX_LIBRARY = "libc++";
				CLANG_ENABLE_MODULES = YES;
				CLANG_ENABLE_OBJC_ARC = YES;
				CLANG_ENABLE_OBJC_WEAK = YES;
				CLANG_WARN_BLOCK_CAPTURE_AUTORELEASING = YES;
				CLANG_WARN_BOOL_CONVERSION = YES;
				CLANG_WARN_COMMA = YES;
				CLANG_WARN_CONSTANT_CONVERSION = YES;
				CLANG_WARN_DEPRECATED_OBJC_IMPLEMENTATIONS = YES;
				CLANG_WARN_DIRECT_OBJC_ISA_USAGE = YES_ERROR;
				CLANG_WARN_DOCUMENTATION_COMMENTS = YES;
				CLANG_WARN_EMPTY_BODY = YES;
				CLANG_WARN_ENUM_CONVERSION = YES;
				CLANG_WARN_INFINITE_RECURSION = YES;
				CLANG_WARN_INT_CONVERSION = YES;
				CLANG_WARN_NON_LITERAL_NULL_CONVERSION = YES;
				CLANG_WARN_OBJC_IMPLICIT_RETAIN_SELF = YES;
				CLANG_WARN_OBJC_LITERAL_CONVERSION = YES;
				CLANG_WARN_OBJC_ROOT_CLASS = YES_ERROR;
				CLANG_WARN_RANGE_LOOP_ANALYSIS = YES;
				CLANG_WARN_STRICT_PROTOTYPES = YES;
				CLANG_WARN_SUSPICIOUS_MOVE = YES;
				CLANG_WARN_UNGUARDED_AVAILABILITY = YES_AGGRESSIVE;
				CLANG_WARN_UNREACHABLE_CODE = YES;
				CLANG_WARN__DUPLICATE_METHOD_MATCH = YES;
				CODE_SIGN_IDENTITY = "iPhone Developer";
				COPY_PHASE_STRIP = NO;
				DEBUG_INFORMATION_FORMAT = "dwarf-with-dsym";
				ENABLE_NS_ASSERTIONS = NO;
				ENABLE_STRICT_OBJC_MSGSEND = YES;
				GCC_C_LANGUAGE_STANDARD = gnu11;
				GCC_NO_COMMON_BLOCKS = YES;
				GCC_WARN_64_TO_32_BIT_CONVERSION = YES;
				GCC_WARN_ABOUT_RETURN_TYPE = YES_ERROR;
				GCC_WARN_UNDECLARED_SELECTOR = YES;
				GCC_WARN_UNINITIALIZED_AUTOS = YES_AGGRESSIVE;
				GCC_WARN_UNUSED_FUNCTION = YES;
				GCC_WARN_UNUSED_VARIABLE = YES;
				IPHONEOS_DEPLOYMENT_TARGET = 12.1;
				MTL_ENABLE_DEBUG_INFO = NO;
				MTL_FAST_MATH = YES;
				SDKROOT = iphoneos;
				SWIFT_COMPILATION_MODE = wholemodule;
				SWIFT_OPTIMIZATION_LEVEL = "-O";
				VALIDATE_PRODUCT = YES;
			};
			name = Release;
		};
		54DB76D42210BAA100AB0AC2 /* Debug */ = {
			isa = XCBuildConfiguration;
			buildSettings = {
				ASSETCATALOG_COMPILER_APPICON_NAME = AppIcon;
				CODE_SIGN_STYLE = Automatic;
				DEVELOPMENT_TEAM = 96GW932245;
				INFOPLIST_FILE = "MAGNIFIER-APPLICATION/Info.plist";
				LD_RUNPATH_SEARCH_PATHS = (
					"$(inherited)",
					"@executable_path/Frameworks",
				);
				PRODUCT_BUNDLE_IDENTIFIER = "com.rosaton.MAGNIFIER-APPLICATION";
				PRODUCT_NAME = "EPICS Magnifier";
				SWIFT_VERSION = 4.2;
				TARGETED_DEVICE_FAMILY = 2;
			};
			name = Debug;
		};
		54DB76D52210BAA100AB0AC2 /* Release */ = {
			isa = XCBuildConfiguration;
			buildSettings = {
				ASSETCATALOG_COMPILER_APPICON_NAME = AppIcon;
				CODE_SIGN_STYLE = Automatic;
				DEVELOPMENT_TEAM = 96GW932245;
				INFOPLIST_FILE = "MAGNIFIER-APPLICATION/Info.plist";
				LD_RUNPATH_SEARCH_PATHS = (
					"$(inherited)",
					"@executable_path/Frameworks",
				);
				PRODUCT_BUNDLE_IDENTIFIER = "com.rosaton.MAGNIFIER-APPLICATION";
				PRODUCT_NAME = "EPICS Magnifier";
				SWIFT_VERSION = 4.2;
				TARGETED_DEVICE_FAMILY = 2;
			};
			name = Release;
		};
/* End XCBuildConfiguration section */

/* Begin XCConfigurationList section */
		54DB76BC2210BAA100AB0AC2 /* Build configuration list for PBXProject "MAGNIFIER-APPLICATION" */ = {
			isa = XCConfigurationList;
			buildConfigurations = (
				54DB76D12210BAA100AB0AC2 /* Debug */,
				54DB76D22210BAA100AB0AC2 /* Release */,
			);
			defaultConfigurationIsVisible = 0;
			defaultConfigurationName = Release;
		};
		54DB76D32210BAA100AB0AC2 /* Build configuration list for PBXNativeTarget "MAGNIFIER-APPLICATION" */ = {
			isa = XCConfigurationList;
			buildConfigurations = (
				54DB76D42210BAA100AB0AC2 /* Debug */,
				54DB76D52210BAA100AB0AC2 /* Release */,
			);
			defaultConfigurationIsVisible = 0;
			defaultConfigurationName = Release;
		};
/* End XCConfigurationList section */
	};
	rootObject = 54DB76B92210BAA100AB0AC2 /* Project object */;
}
